// !$*UTF8*$!
{
	archiveVersion = 1;
	classes = {
	};
	objectVersion = 56;
	objects = {

/* Begin PBXBuildFile section */
		9C19F8CB2B75784C00FF1E87 /* A_2_LandmarksApp.swift in Sources */ = {isa = PBXBuildFile; fileRef = 9C19F8CA2B75784C00FF1E87 /* A_2_LandmarksApp.swift */; };
		9C19F8CD2B75784C00FF1E87 /* ContentView.swift in Sources */ = {isa = PBXBuildFile; fileRef = 9C19F8CC2B75784C00FF1E87 /* ContentView.swift */; };
		9C19F8CF2B75784E00FF1E87 /* Assets.xcassets in Resources */ = {isa = PBXBuildFile; fileRef = 9C19F8CE2B75784E00FF1E87 /* Assets.xcassets */; };
		9C19F8D22B75784E00FF1E87 /* Preview Assets.xcassets in Resources */ = {isa = PBXBuildFile; fileRef = 9C19F8D12B75784E00FF1E87 /* Preview Assets.xcassets */; };
		9C19F8DC2B75784E00FF1E87 /* A_2_LandmarksTests.swift in Sources */ = {isa = PBXBuildFile; fileRef = 9C19F8DB2B75784E00FF1E87 /* A_2_LandmarksTests.swift */; };
		9C19F8E62B75784E00FF1E87 /* A_2_LandmarksUITests.swift in Sources */ = {isa = PBXBuildFile; fileRef = 9C19F8E52B75784E00FF1E87 /* A_2_LandmarksUITests.swift */; };
		9C19F8E82B75784E00FF1E87 /* A_2_LandmarksUITestsLaunchTests.swift in Sources */ = {isa = PBXBuildFile; fileRef = 9C19F8E72B75784E00FF1E87 /* A_2_LandmarksUITestsLaunchTests.swift */; };
		9C19F8F52B757B6200FF1E87 /* CircleImage.swift in Sources */ = {isa = PBXBuildFile; fileRef = 9C19F8F42B757B6200FF1E87 /* CircleImage.swift */; };
		9C19F8F72B757D7600FF1E87 /* MapView.swift in Sources */ = {isa = PBXBuildFile; fileRef = 9C19F8F62B757D7600FF1E87 /* MapView.swift */; };
		9C19F8FB2B758C7C00FF1E87 /* landmarkData.json in Resources */ = {isa = PBXBuildFile; fileRef = 9C19F8FA2B758C7C00FF1E87 /* landmarkData.json */; };
		9C19F8FD2B758D0E00FF1E87 /* Landmark.swift in Sources */ = {isa = PBXBuildFile; fileRef = 9C19F8FC2B758D0E00FF1E87 /* Landmark.swift */; };
		9C19F8FF2B758EC200FF1E87 /* ModelData.swift in Sources */ = {isa = PBXBuildFile; fileRef = 9C19F8FE2B758EC200FF1E87 /* ModelData.swift */; };
		9C19F9042B75902300FF1E87 /* LandmarkRow.swift in Sources */ = {isa = PBXBuildFile; fileRef = 9C19F9032B75902300FF1E87 /* LandmarkRow.swift */; };
		9C19F9062B75925800FF1E87 /* LandmarkList.swift in Sources */ = {isa = PBXBuildFile; fileRef = 9C19F9052B75925800FF1E87 /* LandmarkList.swift */; };
		9C19F9082B75950D00FF1E87 /* LandmarkDetail.swift in Sources */ = {isa = PBXBuildFile; fileRef = 9C19F9072B75950D00FF1E87 /* LandmarkDetail.swift */; };
/* End PBXBuildFile section */

/* Begin PBXContainerItemProxy section */
		9C19F8D82B75784E00FF1E87 /* PBXContainerItemProxy */ = {
			isa = PBXContainerItemProxy;
			containerPortal = 9C19F8BF2B75784C00FF1E87 /* Project object */;
			proxyType = 1;
			remoteGlobalIDString = 9C19F8C62B75784C00FF1E87;
			remoteInfo = "A.2 Landmarks";
		};
		9C19F8E22B75784E00FF1E87 /* PBXContainerItemProxy */ = {
			isa = PBXContainerItemProxy;
			containerPortal = 9C19F8BF2B75784C00FF1E87 /* Project object */;
			proxyType = 1;
			remoteGlobalIDString = 9C19F8C62B75784C00FF1E87;
			remoteInfo = "A.2 Landmarks";
		};
/* End PBXContainerItemProxy section */

/* Begin PBXFileReference section */
		9C19F8C72B75784C00FF1E87 /* A.2 Landmarks.app */ = {isa = PBXFileReference; explicitFileType = wrapper.application; includeInIndex = 0; path = "A.2 Landmarks.app"; sourceTree = BUILT_PRODUCTS_DIR; };
		9C19F8CA2B75784C00FF1E87 /* A_2_LandmarksApp.swift */ = {isa = PBXFileReference; lastKnownFileType = sourcecode.swift; path = A_2_LandmarksApp.swift; sourceTree = "<group>"; };
		9C19F8CC2B75784C00FF1E87 /* ContentView.swift */ = {isa = PBXFileReference; lastKnownFileType = sourcecode.swift; path = ContentView.swift; sourceTree = "<group>"; };
		9C19F8CE2B75784E00FF1E87 /* Assets.xcassets */ = {isa = PBXFileReference; lastKnownFileType = folder.assetcatalog; path = Assets.xcassets; sourceTree = "<group>"; };
		9C19F8D12B75784E00FF1E87 /* Preview Assets.xcassets */ = {isa = PBXFileReference; lastKnownFileType = folder.assetcatalog; path = "Preview Assets.xcassets"; sourceTree = "<group>"; };
		9C19F8D72B75784E00FF1E87 /* A.2 LandmarksTests.xctest */ = {isa = PBXFileReference; explicitFileType = wrapper.cfbundle; includeInIndex = 0; path = "A.2 LandmarksTests.xctest"; sourceTree = BUILT_PRODUCTS_DIR; };
		9C19F8DB2B75784E00FF1E87 /* A_2_LandmarksTests.swift */ = {isa = PBXFileReference; lastKnownFileType = sourcecode.swift; path = A_2_LandmarksTests.swift; sourceTree = "<group>"; };
		9C19F8E12B75784E00FF1E87 /* A.2 LandmarksUITests.xctest */ = {isa = PBXFileReference; explicitFileType = wrapper.cfbundle; includeInIndex = 0; path = "A.2 LandmarksUITests.xctest"; sourceTree = BUILT_PRODUCTS_DIR; };
		9C19F8E52B75784E00FF1E87 /* A_2_LandmarksUITests.swift */ = {isa = PBXFileReference; lastKnownFileType = sourcecode.swift; path = A_2_LandmarksUITests.swift; sourceTree = "<group>"; };
		9C19F8E72B75784E00FF1E87 /* A_2_LandmarksUITestsLaunchTests.swift */ = {isa = PBXFileReference; lastKnownFileType = sourcecode.swift; path = A_2_LandmarksUITestsLaunchTests.swift; sourceTree = "<group>"; };
		9C19F8F42B757B6200FF1E87 /* CircleImage.swift */ = {isa = PBXFileReference; lastKnownFileType = sourcecode.swift; path = CircleImage.swift; sourceTree = "<group>"; };
		9C19F8F62B757D7600FF1E87 /* MapView.swift */ = {isa = PBXFileReference; lastKnownFileType = sourcecode.swift; path = MapView.swift; sourceTree = "<group>"; };
		9C19F8FA2B758C7C00FF1E87 /* landmarkData.json */ = {isa = PBXFileReference; fileEncoding = 4; lastKnownFileType = text.json; path = landmarkData.json; sourceTree = "<group>"; };
		9C19F8FC2B758D0E00FF1E87 /* Landmark.swift */ = {isa = PBXFileReference; lastKnownFileType = sourcecode.swift; path = Landmark.swift; sourceTree = "<group>"; };
		9C19F8FE2B758EC200FF1E87 /* ModelData.swift */ = {isa = PBXFileReference; lastKnownFileType = sourcecode.swift; path = ModelData.swift; sourceTree = "<group>"; };
		9C19F9032B75902300FF1E87 /* LandmarkRow.swift */ = {isa = PBXFileReference; lastKnownFileType = sourcecode.swift; path = LandmarkRow.swift; sourceTree = "<group>"; };
		9C19F9052B75925800FF1E87 /* LandmarkList.swift */ = {isa = PBXFileReference; lastKnownFileType = sourcecode.swift; path = LandmarkList.swift; sourceTree = "<group>"; };
		9C19F9072B75950D00FF1E87 /* LandmarkDetail.swift */ = {isa = PBXFileReference; lastKnownFileType = sourcecode.swift; path = LandmarkDetail.swift; sourceTree = "<group>"; };
/* End PBXFileReference section */

/* Begin PBXFrameworksBuildPhase section */
		9C19F8C42B75784C00FF1E87 /* Frameworks */ = {
			isa = PBXFrameworksBuildPhase;
			buildActionMask = 2147483647;
			files = (
			);
			runOnlyForDeploymentPostprocessing = 0;
		};
		9C19F8D42B75784E00FF1E87 /* Frameworks */ = {
			isa = PBXFrameworksBuildPhase;
			buildActionMask = 2147483647;
			files = (
			);
			runOnlyForDeploymentPostprocessing = 0;
		};
		9C19F8DE2B75784E00FF1E87 /* Frameworks */ = {
			isa = PBXFrameworksBuildPhase;
			buildActionMask = 2147483647;
			files = (
			);
			runOnlyForDeploymentPostprocessing = 0;
		};
/* End PBXFrameworksBuildPhase section */

/* Begin PBXGroup section */
		9C19F8BE2B75784C00FF1E87 = {
			isa = PBXGroup;
			children = (
				9C19F8C92B75784C00FF1E87 /* A.2 Landmarks */,
				9C19F8DA2B75784E00FF1E87 /* A.2 LandmarksTests */,
				9C19F8E42B75784E00FF1E87 /* A.2 LandmarksUITests */,
				9C19F8C82B75784C00FF1E87 /* Products */,
			);
			sourceTree = "<group>";
		};
		9C19F8C82B75784C00FF1E87 /* Products */ = {
			isa = PBXGroup;
			children = (
				9C19F8C72B75784C00FF1E87 /* A.2 Landmarks.app */,
				9C19F8D72B75784E00FF1E87 /* A.2 LandmarksTests.xctest */,
				9C19F8E12B75784E00FF1E87 /* A.2 LandmarksUITests.xctest */,
			);
			name = Products;
			sourceTree = "<group>";
		};
		9C19F8C92B75784C00FF1E87 /* A.2 Landmarks */ = {
			isa = PBXGroup;
			children = (
				9C19F8CA2B75784C00FF1E87 /* A_2_LandmarksApp.swift */,
				9C19F8CE2B75784E00FF1E87 /* Assets.xcassets */,
				9C19F9012B758F9E00FF1E87 /* Views */,
				9C19F9022B758FB500FF1E87 /* Model */,
				9C19F9002B758F8C00FF1E87 /* Resources */,
				9C19F8D02B75784E00FF1E87 /* Preview Content */,
			);
			path = "A.2 Landmarks";
			sourceTree = "<group>";
		};
		9C19F8D02B75784E00FF1E87 /* Preview Content */ = {
			isa = PBXGroup;
			children = (
				9C19F8D12B75784E00FF1E87 /* Preview Assets.xcassets */,
			);
			path = "Preview Content";
			sourceTree = "<group>";
		};
		9C19F8DA2B75784E00FF1E87 /* A.2 LandmarksTests */ = {
			isa = PBXGroup;
			children = (
				9C19F8DB2B75784E00FF1E87 /* A_2_LandmarksTests.swift */,
			);
			path = "A.2 LandmarksTests";
			sourceTree = "<group>";
		};
		9C19F8E42B75784E00FF1E87 /* A.2 LandmarksUITests */ = {
			isa = PBXGroup;
			children = (
				9C19F8E52B75784E00FF1E87 /* A_2_LandmarksUITests.swift */,
				9C19F8E72B75784E00FF1E87 /* A_2_LandmarksUITestsLaunchTests.swift */,
			);
			path = "A.2 LandmarksUITests";
			sourceTree = "<group>";
		};
		9C19F9002B758F8C00FF1E87 /* Resources */ = {
			isa = PBXGroup;
			children = (
				9C19F8FA2B758C7C00FF1E87 /* landmarkData.json */,
			);
			path = Resources;
			sourceTree = "<group>";
		};
		9C19F9012B758F9E00FF1E87 /* Views */ = {
			isa = PBXGroup;
			children = (
				9C19F8F62B757D7600FF1E87 /* MapView.swift */,
				9C19F8F42B757B6200FF1E87 /* CircleImage.swift */,
				9C19F8CC2B75784C00FF1E87 /* ContentView.swift */,
				9C19F9032B75902300FF1E87 /* LandmarkRow.swift */,
				9C19F9052B75925800FF1E87 /* LandmarkList.swift */,
				9C19F9072B75950D00FF1E87 /* LandmarkDetail.swift */,
			);
			path = Views;
			sourceTree = "<group>";
		};
		9C19F9022B758FB500FF1E87 /* Model */ = {
			isa = PBXGroup;
			children = (
				9C19F8FE2B758EC200FF1E87 /* ModelData.swift */,
				9C19F8FC2B758D0E00FF1E87 /* Landmark.swift */,
			);
			path = Model;
			sourceTree = "<group>";
		};
/* End PBXGroup section */

/* Begin PBXNativeTarget section */
		9C19F8C62B75784C00FF1E87 /* A.2 Landmarks */ = {
			isa = PBXNativeTarget;
			buildConfigurationList = 9C19F8EB2B75784E00FF1E87 /* Build configuration list for PBXNativeTarget "A.2 Landmarks" */;
			buildPhases = (
				9C19F8C32B75784C00FF1E87 /* Sources */,
				9C19F8C42B75784C00FF1E87 /* Frameworks */,
				9C19F8C52B75784C00FF1E87 /* Resources */,
			);
			buildRules = (
			);
			dependencies = (
			);
			name = "A.2 Landmarks";
			productName = "A.2 Landmarks";
			productReference = 9C19F8C72B75784C00FF1E87 /* A.2 Landmarks.app */;
			productType = "com.apple.product-type.application";
		};
		9C19F8D62B75784E00FF1E87 /* A.2 LandmarksTests */ = {
			isa = PBXNativeTarget;
			buildConfigurationList = 9C19F8EE2B75784E00FF1E87 /* Build configuration list for PBXNativeTarget "A.2 LandmarksTests" */;
			buildPhases = (
				9C19F8D32B75784E00FF1E87 /* Sources */,
				9C19F8D42B75784E00FF1E87 /* Frameworks */,
				9C19F8D52B75784E00FF1E87 /* Resources */,
			);
			buildRules = (
			);
			dependencies = (
				9C19F8D92B75784E00FF1E87 /* PBXTargetDependency */,
			);
			name = "A.2 LandmarksTests";
			productName = "A.2 LandmarksTests";
			productReference = 9C19F8D72B75784E00FF1E87 /* A.2 LandmarksTests.xctest */;
			productType = "com.apple.product-type.bundle.unit-test";
		};
		9C19F8E02B75784E00FF1E87 /* A.2 LandmarksUITests */ = {
			isa = PBXNativeTarget;
			buildConfigurationList = 9C19F8F12B75784E00FF1E87 /* Build configuration list for PBXNativeTarget "A.2 LandmarksUITests" */;
			buildPhases = (
				9C19F8DD2B75784E00FF1E87 /* Sources */,
				9C19F8DE2B75784E00FF1E87 /* Frameworks */,
				9C19F8DF2B75784E00FF1E87 /* Resources */,
			);
			buildRules = (
			);
			dependencies = (
				9C19F8E32B75784E00FF1E87 /* PBXTargetDependency */,
			);
			name = "A.2 LandmarksUITests";
			productName = "A.2 LandmarksUITests";
			productReference = 9C19F8E12B75784E00FF1E87 /* A.2 LandmarksUITests.xctest */;
			productType = "com.apple.product-type.bundle.ui-testing";
		};
/* End PBXNativeTarget section */

/* Begin PBXProject section */
		9C19F8BF2B75784C00FF1E87 /* Project object */ = {
			isa = PBXProject;
			attributes = {
				BuildIndependentTargetsInParallel = 1;
				LastSwiftUpdateCheck = 1500;
				LastUpgradeCheck = 1500;
				TargetAttributes = {
					9C19F8C62B75784C00FF1E87 = {
						CreatedOnToolsVersion = 15.0.1;
					};
					9C19F8D62B75784E00FF1E87 = {
						CreatedOnToolsVersion = 15.0.1;
						TestTargetID = 9C19F8C62B75784C00FF1E87;
					};
					9C19F8E02B75784E00FF1E87 = {
						CreatedOnToolsVersion = 15.0.1;
						TestTargetID = 9C19F8C62B75784C00FF1E87;
					};
				};
			};
			buildConfigurationList = 9C19F8C22B75784C00FF1E87 /* Build configuration list for PBXProject "A.2 Landmarks" */;
			compatibilityVersion = "Xcode 14.0";
			developmentRegion = en;
			hasScannedForEncodings = 0;
			knownRegions = (
				en,
				Base,
			);
			mainGroup = 9C19F8BE2B75784C00FF1E87;
			productRefGroup = 9C19F8C82B75784C00FF1E87 /* Products */;
			projectDirPath = "";
			projectRoot = "";
			targets = (
				9C19F8C62B75784C00FF1E87 /* A.2 Landmarks */,
				9C19F8D62B75784E00FF1E87 /* A.2 LandmarksTests */,
				9C19F8E02B75784E00FF1E87 /* A.2 LandmarksUITests */,
			);
		};
/* End PBXProject section */

/* Begin PBXResourcesBuildPhase section */
		9C19F8C52B75784C00FF1E87 /* Resources */ = {
			isa = PBXResourcesBuildPhase;
			buildActionMask = 2147483647;
			files = (
				9C19F8D22B75784E00FF1E87 /* Preview Assets.xcassets in Resources */,
				9C19F8CF2B75784E00FF1E87 /* Assets.xcassets in Resources */,
				9C19F8FB2B758C7C00FF1E87 /* landmarkData.json in Resources */,
			);
			runOnlyForDeploymentPostprocessing = 0;
		};
		9C19F8D52B75784E00FF1E87 /* Resources */ = {
			isa = PBXResourcesBuildPhase;
			buildActionMask = 2147483647;
			files = (
			);
			runOnlyForDeploymentPostprocessing = 0;
		};
		9C19F8DF2B75784E00FF1E87 /* Resources */ = {
			isa = PBXResourcesBuildPhase;
			buildActionMask = 2147483647;
			files = (
			);
			runOnlyForDeploymentPostprocessing = 0;
		};
/* End PBXResourcesBuildPhase section */

/* Begin PBXSourcesBuildPhase section */
		9C19F8C32B75784C00FF1E87 /* Sources */ = {
			isa = PBXSourcesBuildPhase;
			buildActionMask = 2147483647;
			files = (
				9C19F8CD2B75784C00FF1E87 /* ContentView.swift in Sources */,
				9C19F8F72B757D7600FF1E87 /* MapView.swift in Sources */,
				9C19F8CB2B75784C00FF1E87 /* A_2_LandmarksApp.swift in Sources */,
				9C19F9062B75925800FF1E87 /* LandmarkList.swift in Sources */,
				9C19F9082B75950D00FF1E87 /* LandmarkDetail.swift in Sources */,
				9C19F8F52B757B6200FF1E87 /* CircleImage.swift in Sources */,
				9C19F8FD2B758D0E00FF1E87 /* Landmark.swift in Sources */,
				9C19F9042B75902300FF1E87 /* LandmarkRow.swift in Sources */,
				9C19F8FF2B758EC200FF1E87 /* ModelData.swift in Sources */,
			);
			runOnlyForDeploymentPostprocessing = 0;
		};
		9C19F8D32B75784E00FF1E87 /* Sources */ = {
			isa = PBXSourcesBuildPhase;
			buildActionMask = 2147483647;
			files = (
				9C19F8DC2B75784E00FF1E87 /* A_2_LandmarksTests.swift in Sources */,
			);
			runOnlyForDeploymentPostprocessing = 0;
		};
		9C19F8DD2B75784E00FF1E87 /* Sources */ = {
			isa = PBXSourcesBuildPhase;
			buildActionMask = 2147483647;
			files = (
				9C19F8E62B75784E00FF1E87 /* A_2_LandmarksUITests.swift in Sources */,
				9C19F8E82B75784E00FF1E87 /* A_2_LandmarksUITestsLaunchTests.swift in Sources */,
			);
			runOnlyForDeploymentPostprocessing = 0;
		};
/* End PBXSourcesBuildPhase section */

/* Begin PBXTargetDependency section */
		9C19F8D92B75784E00FF1E87 /* PBXTargetDependency */ = {
			isa = PBXTargetDependency;
			target = 9C19F8C62B75784C00FF1E87 /* A.2 Landmarks */;
			targetProxy = 9C19F8D82B75784E00FF1E87 /* PBXContainerItemProxy */;
		};
		9C19F8E32B75784E00FF1E87 /* PBXTargetDependency */ = {
			isa = PBXTargetDependency;
			target = 9C19F8C62B75784C00FF1E87 /* A.2 Landmarks */;
			targetProxy = 9C19F8E22B75784E00FF1E87 /* PBXContainerItemProxy */;
		};
/* End PBXTargetDependency section */

/* Begin XCBuildConfiguration section */
		9C19F8E92B75784E00FF1E87 /* Debug */ = {
			isa = XCBuildConfiguration;
			buildSettings = {
				ALWAYS_SEARCH_USER_PATHS = NO;
				ASSETCATALOG_COMPILER_GENERATE_SWIFT_ASSET_SYMBOL_EXTENSIONS = YES;
				CLANG_ANALYZER_NONNULL = YES;
				CLANG_ANALYZER_NUMBER_OBJECT_CONVERSION = YES_AGGRESSIVE;
				CLANG_CXX_LANGUAGE_STANDARD = "gnu++20";
				CLANG_ENABLE_MODULES = YES;
				CLANG_ENABLE_OBJC_ARC = YES;
				CLANG_ENABLE_OBJC_WEAK = YES;
				CLANG_WARN_BLOCK_CAPTURE_AUTORELEASING = YES;
				CLANG_WARN_BOOL_CONVERSION = YES;
				CLANG_WARN_COMMA = YES;
				CLANG_WARN_CONSTANT_CONVERSION = YES;
				CLANG_WARN_DEPRECATED_OBJC_IMPLEMENTATIONS = YES;
				CLANG_WARN_DIRECT_OBJC_ISA_USAGE = YES_ERROR;
				CLANG_WARN_DOCUMENTATION_COMMENTS = YES;
				CLANG_WARN_EMPTY_BODY = YES;
				CLANG_WARN_ENUM_CONVERSION = YES;
				CLANG_WARN_INFINITE_RECURSION = YES;
				CLANG_WARN_INT_CONVERSION = YES;
				CLANG_WARN_NON_LITERAL_NULL_CONVERSION = YES;
				CLANG_WARN_OBJC_IMPLICIT_RETAIN_SELF = YES;
				CLANG_WARN_OBJC_LITERAL_CONVERSION = YES;
				CLANG_WARN_OBJC_ROOT_CLASS = YES_ERROR;
				CLANG_WARN_QUOTED_INCLUDE_IN_FRAMEWORK_HEADER = YES;
				CLANG_WARN_RANGE_LOOP_ANALYSIS = YES;
				CLANG_WARN_STRICT_PROTOTYPES = YES;
				CLANG_WARN_SUSPICIOUS_MOVE = YES;
				CLANG_WARN_UNGUARDED_AVAILABILITY = YES_AGGRESSIVE;
				CLANG_WARN_UNREACHABLE_CODE = YES;
				CLANG_WARN__DUPLICATE_METHOD_MATCH = YES;
				COPY_PHASE_STRIP = NO;
				DEBUG_INFORMATION_FORMAT = dwarf;
				ENABLE_STRICT_OBJC_MSGSEND = YES;
				ENABLE_TESTABILITY = YES;
				ENABLE_USER_SCRIPT_SANDBOXING = YES;
				GCC_C_LANGUAGE_STANDARD = gnu17;
				GCC_DYNAMIC_NO_PIC = NO;
				GCC_NO_COMMON_BLOCKS = YES;
				GCC_OPTIMIZATION_LEVEL = 0;
				GCC_PREPROCESSOR_DEFINITIONS = (
					"DEBUG=1",
					"$(inherited)",
				);
				GCC_WARN_64_TO_32_BIT_CONVERSION = YES;
				GCC_WARN_ABOUT_RETURN_TYPE = YES_ERROR;
				GCC_WARN_UNDECLARED_SELECTOR = YES;
				GCC_WARN_UNINITIALIZED_AUTOS = YES_AGGRESSIVE;
				GCC_WARN_UNUSED_FUNCTION = YES;
				GCC_WARN_UNUSED_VARIABLE = YES;
				IPHONEOS_DEPLOYMENT_TARGET = 17.0;
				LOCALIZATION_PREFERS_STRING_CATALOGS = YES;
				MTL_ENABLE_DEBUG_INFO = INCLUDE_SOURCE;
				MTL_FAST_MATH = YES;
				ONLY_ACTIVE_ARCH = YES;
				SDKROOT = iphoneos;
				SWIFT_ACTIVE_COMPILATION_CONDITIONS = "DEBUG $(inherited)";
				SWIFT_OPTIMIZATION_LEVEL = "-Onone";
			};
			name = Debug;
		};
		9C19F8EA2B75784E00FF1E87 /* Release */ = {
			isa = XCBuildConfiguration;
			buildSettings = {
				ALWAYS_SEARCH_USER_PATHS = NO;
				ASSETCATALOG_COMPILER_GENERATE_SWIFT_ASSET_SYMBOL_EXTENSIONS = YES;
				CLANG_ANALYZER_NONNULL = YES;
				CLANG_ANALYZER_NUMBER_OBJECT_CONVERSION = YES_AGGRESSIVE;
				CLANG_CXX_LANGUAGE_STANDARD = "gnu++20";
				CLANG_ENABLE_MODULES = YES;
				CLANG_ENABLE_OBJC_ARC = YES;
				CLANG_ENABLE_OBJC_WEAK = YES;
				CLANG_WARN_BLOCK_CAPTURE_AUTORELEASING = YES;
				CLANG_WARN_BOOL_CONVERSION = YES;
				CLANG_WARN_COMMA = YES;
				CLANG_WARN_CONSTANT_CONVERSION = YES;
				CLANG_WARN_DEPRECATED_OBJC_IMPLEMENTATIONS = YES;
				CLANG_WARN_DIRECT_OBJC_ISA_USAGE = YES_ERROR;
				CLANG_WARN_DOCUMENTATION_COMMENTS = YES;
				CLANG_WARN_EMPTY_BODY = YES;
				CLANG_WARN_ENUM_CONVERSION = YES;
				CLANG_WARN_INFINITE_RECURSION = YES;
				CLANG_WARN_INT_CONVERSION = YES;
				CLANG_WARN_NON_LITERAL_NULL_CONVERSION = YES;
				CLANG_WARN_OBJC_IMPLICIT_RETAIN_SELF = YES;
				CLANG_WARN_OBJC_LITERAL_CONVERSION = YES;
				CLANG_WARN_OBJC_ROOT_CLASS = YES_ERROR;
				CLANG_WARN_QUOTED_INCLUDE_IN_FRAMEWORK_HEADER = YES;
				CLANG_WARN_RANGE_LOOP_ANALYSIS = YES;
				CLANG_WARN_STRICT_PROTOTYPES = YES;
				CLANG_WARN_SUSPICIOUS_MOVE = YES;
				CLANG_WARN_UNGUARDED_AVAILABILITY = YES_AGGRESSIVE;
				CLANG_WARN_UNREACHABLE_CODE = YES;
				CLANG_WARN__DUPLICATE_METHOD_MATCH = YES;
				COPY_PHASE_STRIP = NO;
				DEBUG_INFORMATION_FORMAT = "dwarf-with-dsym";
				ENABLE_NS_ASSERTIONS = NO;
				ENABLE_STRICT_OBJC_MSGSEND = YES;
				ENABLE_USER_SCRIPT_SANDBOXING = YES;
				GCC_C_LANGUAGE_STANDARD = gnu17;
				GCC_NO_COMMON_BLOCKS = YES;
				GCC_WARN_64_TO_32_BIT_CONVERSION = YES;
				GCC_WARN_ABOUT_RETURN_TYPE = YES_ERROR;
				GCC_WARN_UNDECLARED_SELECTOR = YES;
				GCC_WARN_UNINITIALIZED_AUTOS = YES_AGGRESSIVE;
				GCC_WARN_UNUSED_FUNCTION = YES;
				GCC_WARN_UNUSED_VARIABLE = YES;
				IPHONEOS_DEPLOYMENT_TARGET = 17.0;
				LOCALIZATION_PREFERS_STRING_CATALOGS = YES;
				MTL_ENABLE_DEBUG_INFO = NO;
				MTL_FAST_MATH = YES;
				SDKROOT = iphoneos;
				SWIFT_COMPILATION_MODE = wholemodule;
				VALIDATE_PRODUCT = YES;
			};
			name = Release;
		};
		9C19F8EC2B75784E00FF1E87 /* Debug */ = {
			isa = XCBuildConfiguration;
			buildSettings = {
				ASSETCATALOG_COMPILER_APPICON_NAME = AppIcon;
				ASSETCATALOG_COMPILER_GLOBAL_ACCENT_COLOR_NAME = AccentColor;
				CODE_SIGN_STYLE = Automatic;
				CURRENT_PROJECT_VERSION = 1;
				DEVELOPMENT_ASSET_PATHS = "\"A.2 Landmarks/Preview Content\"";
				ENABLE_PREVIEWS = YES;
				GENERATE_INFOPLIST_FILE = YES;
				INFOPLIST_KEY_UIApplicationSceneManifest_Generation = YES;
				INFOPLIST_KEY_UIApplicationSupportsIndirectInputEvents = YES;
				INFOPLIST_KEY_UILaunchScreen_Generation = YES;
				INFOPLIST_KEY_UISupportedInterfaceOrientations_iPad = "UIInterfaceOrientationPortrait UIInterfaceOrientationPortraitUpsideDown UIInterfaceOrientationLandscapeLeft UIInterfaceOrientationLandscapeRight";
				INFOPLIST_KEY_UISupportedInterfaceOrientations_iPhone = "UIInterfaceOrientationPortrait UIInterfaceOrientationLandscapeLeft UIInterfaceOrientationLandscapeRight";
				LD_RUNPATH_SEARCH_PATHS = (
					"$(inherited)",
					"@executable_path/Frameworks",
				);
				MARKETING_VERSION = 1.0;
				PRODUCT_BUNDLE_IDENTIFIER = "Caleb.A-2-Landmarks";
				PRODUCT_NAME = "$(TARGET_NAME)";
				SWIFT_EMIT_LOC_STRINGS = YES;
				SWIFT_VERSION = 5.0;
				TARGETED_DEVICE_FAMILY = "1,2";
			};
			name = Debug;
		};
		9C19F8ED2B75784E00FF1E87 /* Release */ = {
			isa = XCBuildConfiguration;
			buildSettings = {
				ASSETCATALOG_COMPILER_APPICON_NAME = AppIcon;
				ASSETCATALOG_COMPILER_GLOBAL_ACCENT_COLOR_NAME = AccentColor;
				CODE_SIGN_STYLE = Automatic;
				CURRENT_PROJECT_VERSION = 1;
				DEVELOPMENT_ASSET_PATHS = "\"A.2 Landmarks/Preview Content\"";
				ENABLE_PREVIEWS = YES;
				GENERATE_INFOPLIST_FILE = YES;
				INFOPLIST_KEY_UIApplicationSceneManifest_Generation = YES;
				INFOPLIST_KEY_UIApplicationSupportsIndirectInputEvents = YES;
				INFOPLIST_KEY_UILaunchScreen_Generation = YES;
				INFOPLIST_KEY_UISupportedInterfaceOrientations_iPad = "UIInterfaceOrientationPortrait UIInterfaceOrientationPortraitUpsideDown UIInterfaceOrientationLandscapeLeft UIInterfaceOrientationLandscapeRight";
				INFOPLIST_KEY_UISupportedInterfaceOrientations_iPhone = "UIInterfaceOrientationPortrait UIInterfaceOrientationLandscapeLeft UIInterfaceOrientationLandscapeRight";
				LD_RUNPATH_SEARCH_PATHS = (
					"$(inherited)",
					"@executable_path/Frameworks",
				);
				MARKETING_VERSION = 1.0;
				PRODUCT_BUNDLE_IDENTIFIER = "Caleb.A-2-Landmarks";
				PRODUCT_NAME = "$(TARGET_NAME)";
				SWIFT_EMIT_LOC_STRINGS = YES;
				SWIFT_VERSION = 5.0;
				TARGETED_DEVICE_FAMILY = "1,2";
			};
			name = Release;
		};
		9C19F8EF2B75784E00FF1E87 /* Debug */ = {
			isa = XCBuildConfiguration;
			buildSettings = {
				ALWAYS_EMBED_SWIFT_STANDARD_LIBRARIES = YES;
				BUNDLE_LOADER = "$(TEST_HOST)";
				CODE_SIGN_STYLE = Automatic;
				CURRENT_PROJECT_VERSION = 1;
				GENERATE_INFOPLIST_FILE = YES;
				IPHONEOS_DEPLOYMENT_TARGET = 17.0;
				MARKETING_VERSION = 1.0;
				PRODUCT_BUNDLE_IDENTIFIER = "Caleb.A-2-LandmarksTests";
				PRODUCT_NAME = "$(TARGET_NAME)";
				SWIFT_EMIT_LOC_STRINGS = NO;
				SWIFT_VERSION = 5.0;
				TARGETED_DEVICE_FAMILY = "1,2";
				TEST_HOST = "$(BUILT_PRODUCTS_DIR)/A.2 Landmarks.app/$(BUNDLE_EXECUTABLE_FOLDER_PATH)/A.2 Landmarks";
			};
			name = Debug;
		};
		9C19F8F02B75784E00FF1E87 /* Release */ = {
			isa = XCBuildConfiguration;
			buildSettings = {
				ALWAYS_EMBED_SWIFT_STANDARD_LIBRARIES = YES;
				BUNDLE_LOADER = "$(TEST_HOST)";
				CODE_SIGN_STYLE = Automatic;
				CURRENT_PROJECT_VERSION = 1;
				GENERATE_INFOPLIST_FILE = YES;
				IPHONEOS_DEPLOYMENT_TARGET = 17.0;
				MARKETING_VERSION = 1.0;
				PRODUCT_BUNDLE_IDENTIFIER = "Caleb.A-2-LandmarksTests";
				PRODUCT_NAME = "$(TARGET_NAME)";
				SWIFT_EMIT_LOC_STRINGS = NO;
				SWIFT_VERSION = 5.0;
				TARGETED_DEVICE_FAMILY = "1,2";
				TEST_HOST = "$(BUILT_PRODUCTS_DIR)/A.2 Landmarks.app/$(BUNDLE_EXECUTABLE_FOLDER_PATH)/A.2 Landmarks";
			};
			name = Release;
		};
		9C19F8F22B75784E00FF1E87 /* Debug */ = {
			isa = XCBuildConfiguration;
			buildSettings = {
				ALWAYS_EMBED_SWIFT_STANDARD_LIBRARIES = YES;
				CODE_SIGN_STYLE = Automatic;
				CURRENT_PROJECT_VERSION = 1;
				GENERATE_INFOPLIST_FILE = YES;
				MARKETING_VERSION = 1.0;
				PRODUCT_BUNDLE_IDENTIFIER = "Caleb.A-2-LandmarksUITests";
				PRODUCT_NAME = "$(TARGET_NAME)";
				SWIFT_EMIT_LOC_STRINGS = NO;
				SWIFT_VERSION = 5.0;
				TARGETED_DEVICE_FAMILY = "1,2";
				TEST_TARGET_NAME = "A.2 Landmarks";
			};
			name = Debug;
		};
		9C19F8F32B75784E00FF1E87 /* Release */ = {
			isa = XCBuildConfiguration;
			buildSettings = {
				ALWAYS_EMBED_SWIFT_STANDARD_LIBRARIES = YES;
				CODE_SIGN_STYLE = Automatic;
				CURRENT_PROJECT_VERSION = 1;
				GENERATE_INFOPLIST_FILE = YES;
				MARKETING_VERSION = 1.0;
				PRODUCT_BUNDLE_IDENTIFIER = "Caleb.A-2-LandmarksUITests";
				PRODUCT_NAME = "$(TARGET_NAME)";
				SWIFT_EMIT_LOC_STRINGS = NO;
				SWIFT_VERSION = 5.0;
				TARGETED_DEVICE_FAMILY = "1,2";
				TEST_TARGET_NAME = "A.2 Landmarks";
			};
			name = Release;
		};
/* End XCBuildConfiguration section */

/* Begin XCConfigurationList section */
		9C19F8C22B75784C00FF1E87 /* Build configuration list for PBXProject "A.2 Landmarks" */ = {
			isa = XCConfigurationList;
			buildConfigurations = (
				9C19F8E92B75784E00FF1E87 /* Debug */,
				9C19F8EA2B75784E00FF1E87 /* Release */,
			);
			defaultConfigurationIsVisible = 0;
			defaultConfigurationName = Release;
		};
		9C19F8EB2B75784E00FF1E87 /* Build configuration list for PBXNativeTarget "A.2 Landmarks" */ = {
			isa = XCConfigurationList;
			buildConfigurations = (
				9C19F8EC2B75784E00FF1E87 /* Debug */,
				9C19F8ED2B75784E00FF1E87 /* Release */,
			);
			defaultConfigurationIsVisible = 0;
			defaultConfigurationName = Release;
		};
		9C19F8EE2B75784E00FF1E87 /* Build configuration list for PBXNativeTarget "A.2 LandmarksTests" */ = {
			isa = XCConfigurationList;
			buildConfigurations = (
				9C19F8EF2B75784E00FF1E87 /* Debug */,
				9C19F8F02B75784E00FF1E87 /* Release */,
			);
			defaultConfigurationIsVisible = 0;
			defaultConfigurationName = Release;
		};
		9C19F8F12B75784E00FF1E87 /* Build configuration list for PBXNativeTarget "A.2 LandmarksUITests" */ = {
			isa = XCConfigurationList;
			buildConfigurations = (
				9C19F8F22B75784E00FF1E87 /* Debug */,
				9C19F8F32B75784E00FF1E87 /* Release */,
			);
			defaultConfigurationIsVisible = 0;
			defaultConfigurationName = Release;
		};
/* End XCConfigurationList section */
	};
	rootObject = 9C19F8BF2B75784C00FF1E87 /* Project object */;
}
